
Microsoft Visual Studio Solution File, Format Version 12.00
# Visual Studio Version 17
VisualStudioVersion = 17.8.34408.163
MinimumVisualStudioVersion = 10.0.40219.1
Project("{888888A0-9F3D-457C-B088-3A5042F75D52}") = "TurnstileModel", "TurnstileModel.pyproj", "{4E5DA8F1-D1F2-45A9-9650-D1D9F4732497}"
EndProject
Global
	GlobalSection(SolutionConfigurationPlatforms) = preSolution
		Debug|Any CPU = Debug|Any CPU
		Release|Any CPU = Release|Any CPU
	EndGlobalSection
	GlobalSection(ProjectConfigurationPlatforms) = postSolution
		{4E5DA8F1-D1F2-45A9-9650-D1D9F4732497}.Debug|Any CPU.ActiveCfg = Debug|Any CPU
		{4E5DA8F1-D1F2-45A9-9650-D1D9F4732497}.Release|Any CPU.ActiveCfg = Release|Any CPU
	EndGlobalSection
	GlobalSection(SolutionProperties) = preSolution
		HideSolutionNode = FALSE
	EndGlobalSection
	GlobalSection(ExtensibilityGlobals) = postSolution
		SolutionGuid = {9905C3A0-544F-4D10-A8B5-CE92CCF1AEB8}
	EndGlobalSection
EndGlobal
